
Microsoft Visual Studio Solution File, Format Version 12.00
# Visual Studio Version 16
VisualStudioVersion = 16.0.29920.165
MinimumVisualStudioVersion = 10.0.40219.1
Project("{FAE04EC0-301F-11D3-BF4B-00C04F79EFBC}") = "Gov24Crawler", "Gov24Crawler\Gov24Crawler.csproj", "{C5D8EB40-B3F3-4621-8766-0BC09CC3B42B}"
EndProject
Global
	GlobalSection(SolutionConfigurationPlatforms) = preSolution
		Debug|Any CPU = Debug|Any CPU
		Release|Any CPU = Release|Any CPU
	EndGlobalSection
	GlobalSection(ProjectConfigurationPlatforms) = postSolution
		{C5D8EB40-B3F3-4621-8766-0BC09CC3B42B}.Debug|Any CPU.ActiveCfg = Debug|Any CPU
		{C5D8EB40-B3F3-4621-8766-0BC09CC3B42B}.Debug|Any CPU.Build.0 = Debug|Any CPU
		{C5D8EB40-B3F3-4621-8766-0BC09CC3B42B}.Release|Any CPU.ActiveCfg = Release|Any CPU
		{C5D8EB40-B3F3-4621-8766-0BC09CC3B42B}.Release|Any CPU.Build.0 = Release|Any CPU
	EndGlobalSection
	GlobalSection(SolutionProperties) = preSolution
		HideSolutionNode = FALSE
	EndGlobalSection
	GlobalSection(ExtensibilityGlobals) = postSolution
		SolutionGuid = {C3928D54-4F8D-4CAE-827A-151A816719FA}
	EndGlobalSection
EndGlobal
